
Microsoft Visual Studio Solution File, Format Version 12.00
# Visual Studio Version 17
VisualStudioVersion = 17.10.35013.160
MinimumVisualStudioVersion = 10.0.40219.1
Project("{9A19103F-16F7-4668-BE54-9A1E7A4F7556}") = "Unicam.Paradigmi.Web", "Unicam.Paradigmi.ProgettoEsame\Unicam.Paradigmi.Web.csproj", "{F5B7C32F-B5EA-4502-8994-C5804F4B553F}"
EndProject
Project("{9A19103F-16F7-4668-BE54-9A1E7A4F7556}") = "Unicam.Paradigmi.Application", "Unicam.Paradigmi.Application\Unicam.Paradigmi.Application.csproj", "{A9003F44-4739-4DA4-91FA-9D461C16B68B}"
EndProject
Project("{9A19103F-16F7-4668-BE54-9A1E7A4F7556}") = "Unicam.Paradigmi.Models", "Unicam.Paradigmi.Models\Unicam.Paradigmi.Models.csproj", "{B64B0490-3A52-4AF3-9BE6-A531B90D6B9F}"
EndProject
Global
	GlobalSection(SolutionConfigurationPlatforms) = preSolution
		Debug|Any CPU = Debug|Any CPU
		Release|Any CPU = Release|Any CPU
	EndGlobalSection
	GlobalSection(ProjectConfigurationPlatforms) = postSolution
		{F5B7C32F-B5EA-4502-8994-C5804F4B553F}.Debug|Any CPU.ActiveCfg = Debug|Any CPU
		{F5B7C32F-B5EA-4502-8994-C5804F4B553F}.Debug|Any CPU.Build.0 = Debug|Any CPU
		{F5B7C32F-B5EA-4502-8994-C5804F4B553F}.Release|Any CPU.ActiveCfg = Release|Any CPU
		{F5B7C32F-B5EA-4502-8994-C5804F4B553F}.Release|Any CPU.Build.0 = Release|Any CPU
		{A9003F44-4739-4DA4-91FA-9D461C16B68B}.Debug|Any CPU.ActiveCfg = Debug|Any CPU
		{A9003F44-4739-4DA4-91FA-9D461C16B68B}.Debug|Any CPU.Build.0 = Debug|Any CPU
		{A9003F44-4739-4DA4-91FA-9D461C16B68B}.Release|Any CPU.ActiveCfg = Release|Any CPU
		{A9003F44-4739-4DA4-91FA-9D461C16B68B}.Release|Any CPU.Build.0 = Release|Any CPU
		{B64B0490-3A52-4AF3-9BE6-A531B90D6B9F}.Debug|Any CPU.ActiveCfg = Debug|Any CPU
		{B64B0490-3A52-4AF3-9BE6-A531B90D6B9F}.Debug|Any CPU.Build.0 = Debug|Any CPU
		{B64B0490-3A52-4AF3-9BE6-A531B90D6B9F}.Release|Any CPU.ActiveCfg = Release|Any CPU
		{B64B0490-3A52-4AF3-9BE6-A531B90D6B9F}.Release|Any CPU.Build.0 = Release|Any CPU
	EndGlobalSection
	GlobalSection(SolutionProperties) = preSolution
		HideSolutionNode = FALSE
	EndGlobalSection
	GlobalSection(ExtensibilityGlobals) = postSolution
		SolutionGuid = {A936E9ED-5268-457E-9994-FAD0D918E974}
	EndGlobalSection
EndGlobal
